download_time_series:
  cmd: python repro/downloads/time_series/download_time_series_dataset.py
  deps:
  - path: repro/downloads/time_series/download_time_series_dataset.py
    md5: fdbf8c7e447ab38fa40aa7ff3d428668
  outs:
  - path: data/ts/
    md5: f9e886d2692c5611a3839fe3dab9d187.dir
generate_toy_cloud_removal_dataset:
  cmd: source repro/toy-data/cloud_removal/generate_toy_cloud_removal_dataset.sh
  deps:
  - path: data/ts/Multivariate_ts/Epilepsy/Epilepsy_TEST.ts
    md5: 603bf7354d26d8af695dd191486fc3b0
  - path: data/ts/Multivariate_ts/Epilepsy/Epilepsy_TRAIN.ts
    md5: 5a91e56945516fe08b857ad5c94337b2
  - path: data/ts/Multivariate_ts/RacketSports/RacketSports_TEST.ts
    md5: 965e15556649bbd106a480716b765977
  - path: data/ts/Multivariate_ts/RacketSports/RacketSports_TRAIN.ts
    md5: 4d6b5d3351de0361216da67e77cbeaff
  - path: run_toy_derivation.py
    md5: bd6d9a4dc07aa7e74e67172d117f8e0f
  - path: run_toy_generation.py
    md5: 9567eb72dae1cbde559f8a329c74df1c
  - path: src/toygeneration/config/cloud_removal/optical/derivation_clean_optical.yaml
    md5: da680a430cf951487bd5d3b2a1f8a2c9
  - path: src/toygeneration/config/cloud_removal/optical/derivation_clouded_optical.yaml
    md5: 96c56353c33435ef7466c91c067e2d92
  - path: src/toygeneration/config/cloud_removal/optical/generation_latent_optical.yaml
    md5: d7fb8fb66ea6964e4c3e54b256a9772d
  - path: src/toygeneration/config/cloud_removal/sar/derivation_sar.yaml
    md5: f0d112826688b7211e64032028014cb4
  - path: src/toygeneration/config/cloud_removal/sar/generation_latent_sar.yaml
    md5: 286a21837aca9b86020ef779af9e43a1
  outs:
  - path: data/toy/cloud_removal/
    md5: 35482cea245855890d68e0735094b958.dir
train_cgan_toy_cloud_removal_seed_17:
  cmd: python run_training.py --cfg=src/rsgan/config/cloud_removal/cgan_toy.yaml --o=data/experiments_outputs/cgan_toy_cloud_removal
    --device=1 --experiment_name=seed_17 --seed=17
  deps:
  - path: data/toy/cloud_removal
    md5: 35482cea245855890d68e0735094b958.dir
  - path: src/rsgan/config/cloud_removal/cgan_toy.yaml
    md5: da4aa7aae8e155d5c3b5cd93946c49c7
  - path: src/rsgan/experiments/cloud_removal/cgan_toy_cloud_removal.py
    md5: 6b28f962394e9ffe8bdfdf0679c03d79
  outs:
  - path: data/experiments_outputs/cgan_toy_cloud_removal/seed_17/run
    md5: 98bf09bc8d6bd33be04d88d00c408c18.dir
train_cgan_toy_cloud_removal_seed_37:
  cmd: python run_training.py --cfg=src/rsgan/config/cloud_removal/cgan_toy.yaml --o=data/experiments_outputs/cgan_toy_cloud_removal
    --device=1 --experiment_name=seed_37 --seed=37
  deps:
  - path: data/toy/cloud_removal
    md5: 35482cea245855890d68e0735094b958.dir
  - path: src/rsgan/config/cloud_removal/cgan_toy.yaml
    md5: da4aa7aae8e155d5c3b5cd93946c49c7
  - path: src/rsgan/experiments/cloud_removal/cgan_toy_cloud_removal.py
    md5: 6b28f962394e9ffe8bdfdf0679c03d79
  outs:
  - path: data/experiments_outputs/cgan_toy_cloud_removal/seed_37/run
    md5: 4f9557cd5bd314d31ce8ceaf5a9d5aaa.dir
train_cgan_toy_cloud_removal_seed_43:
  cmd: python run_training.py --cfg=src/rsgan/config/cloud_removal/cgan_toy.yaml --o=data/experiments_outputs/cgan_toy_cloud_removal
    --device=1 --experiment_name=seed_43 --seed=43
  deps:
  - path: data/toy/cloud_removal
    md5: 35482cea245855890d68e0735094b958.dir
  - path: src/rsgan/config/cloud_removal/cgan_toy.yaml
    md5: da4aa7aae8e155d5c3b5cd93946c49c7
  - path: src/rsgan/experiments/cloud_removal/cgan_toy_cloud_removal.py
    md5: 6b28f962394e9ffe8bdfdf0679c03d79
  outs:
  - path: data/experiments_outputs/cgan_toy_cloud_removal/seed_43/run
    md5: 049a600dcc235cfbb2a00d50714cbf5b.dir
train_cgan_toy_cloud_removal_seed_73:
  cmd: python run_training.py --cfg=src/rsgan/config/cloud_removal/cgan_toy.yaml --o=data/experiments_outputs/cgan_toy_cloud_removal
    --device=1 --experiment_name=seed_73 --seed=73
  deps:
  - path: data/toy/cloud_removal
    md5: 35482cea245855890d68e0735094b958.dir
  - path: src/rsgan/config/cloud_removal/cgan_toy.yaml
    md5: da4aa7aae8e155d5c3b5cd93946c49c7
  - path: src/rsgan/experiments/cloud_removal/cgan_toy_cloud_removal.py
    md5: 6b28f962394e9ffe8bdfdf0679c03d79
  outs:
  - path: data/experiments_outputs/cgan_toy_cloud_removal/seed_73/run
    md5: ed8ffaeda046ba414ebeb9c11f2a249e.dir
train_cgan_toy_cloud_removal_seed_101:
  cmd: python run_training.py --cfg=src/rsgan/config/cloud_removal/cgan_toy.yaml --o=data/experiments_outputs/cgan_toy_cloud_removal
    --device=1 --experiment_name=seed_101 --seed=101
  deps:
  - path: data/toy/cloud_removal
    md5: 35482cea245855890d68e0735094b958.dir
  - path: src/rsgan/config/cloud_removal/cgan_toy.yaml
    md5: da4aa7aae8e155d5c3b5cd93946c49c7
  - path: src/rsgan/experiments/cloud_removal/cgan_toy_cloud_removal.py
    md5: 6b28f962394e9ffe8bdfdf0679c03d79
  outs:
  - path: data/experiments_outputs/cgan_toy_cloud_removal/seed_101/run
    md5: 2b688d311da1b58ca18109193e3fe342.dir
